
Microsoft Visual Studio Solution File, Format Version 12.00
# Visual Studio Version 17
VisualStudioVersion = 17.4.33213.308
MinimumVisualStudioVersion = 10.0.40219.1
Project("{9A19103F-16F7-4668-BE54-9A1E7A4F7556}") = "XMLApp", "XMLApp.csproj", "{9EE4813F-A71A-428A-916C-660372C641C6}"
EndProject
Project("{E53339B2-1760-4266-BCC7-CA923CBCF16C}") = "docker-compose", "docker-compose.dcproj", "{53118A26-A9E9-4A5B-8720-B4565715A491}"
EndProject
Global
	GlobalSection(SolutionConfigurationPlatforms) = preSolution
		Debug|Any CPU = Debug|Any CPU
		Release|Any CPU = Release|Any CPU
	EndGlobalSection
	GlobalSection(ProjectConfigurationPlatforms) = postSolution
		{9EE4813F-A71A-428A-916C-660372C641C6}.Debug|Any CPU.ActiveCfg = Debug|Any CPU
		{9EE4813F-A71A-428A-916C-660372C641C6}.Debug|Any CPU.Build.0 = Debug|Any CPU
		{9EE4813F-A71A-428A-916C-660372C641C6}.Release|Any CPU.ActiveCfg = Release|Any CPU
		{9EE4813F-A71A-428A-916C-660372C641C6}.Release|Any CPU.Build.0 = Release|Any CPU
		{53118A26-A9E9-4A5B-8720-B4565715A491}.Debug|Any CPU.ActiveCfg = Debug|Any CPU
		{53118A26-A9E9-4A5B-8720-B4565715A491}.Debug|Any CPU.Build.0 = Debug|Any CPU
		{53118A26-A9E9-4A5B-8720-B4565715A491}.Release|Any CPU.ActiveCfg = Release|Any CPU
		{53118A26-A9E9-4A5B-8720-B4565715A491}.Release|Any CPU.Build.0 = Release|Any CPU
	EndGlobalSection
	GlobalSection(SolutionProperties) = preSolution
		HideSolutionNode = FALSE
	EndGlobalSection
	GlobalSection(ExtensibilityGlobals) = postSolution
		SolutionGuid = {144C140B-73E4-41D0-92FB-3EE9CB8D0402}
	EndGlobalSection
EndGlobal
